// !$*UTF8*$!
{
	archiveVersion = 1;
	classes = {
	};
	objectVersion = 46;
	objects = {

/* Begin PBXFileReference section */
		118A9828188C9FD6009D9685 /* IO.cpp */ = {isa = PBXFileReference; lastKnownFileType = sourcecode.cpp.cpp; path = IO.cpp; sourceTree = "<group>"; };
		11B36305189D451D00EAE439 /* Drive.cpp */ = {isa = PBXFileReference; lastKnownFileType = sourcecode.cpp.cpp; path = Drive.cpp; sourceTree = "<group>"; };
		11B36306189D451D00EAE439 /* Drive.hpp */ = {isa = PBXFileReference; lastKnownFileType = sourcecode.cpp.h; path = Drive.hpp; sourceTree = "<group>"; };
		11C994C2180F22BB001E3952 /* HolonomicDrive.hpp */ = {isa = PBXFileReference; lastKnownFileType = sourcecode.cpp.h; path = HolonomicDrive.hpp; sourceTree = "<group>"; };
		11C994C3180F22BB001E3952 /* FIRSTRobot.hpp */ = {isa = PBXFileReference; lastKnownFileType = sourcecode.cpp.h; path = FIRSTRobot.hpp; sourceTree = "<group>"; };
		11C994C4180F22BB001E3952 /* Input.hpp */ = {isa = PBXFileReference; lastKnownFileType = sourcecode.cpp.h; path = Input.hpp; sourceTree = "<group>"; };
		11C994C5180F22BB001E3952 /* HolonomicDrive.cpp */ = {isa = PBXFileReference; lastKnownFileType = sourcecode.cpp.cpp; path = HolonomicDrive.cpp; sourceTree = "<group>"; };
		11C994C6180F22BB001E3952 /* FIRSTRobot.cpp */ = {isa = PBXFileReference; lastKnownFileType = sourcecode.cpp.cpp; path = FIRSTRobot.cpp; sourceTree = "<group>"; };
		11C994C7180F22BB001E3952 /* Input.cpp */ = {isa = PBXFileReference; lastKnownFileType = sourcecode.cpp.cpp; path = Input.cpp; sourceTree = "<group>"; };
		11EF6DC91810CB1500D4A110 /* InlineDrive.cpp */ = {isa = PBXFileReference; lastKnownFileType = sourcecode.cpp.cpp; path = InlineDrive.cpp; sourceTree = "<group>"; };
		11EF6DCA1810CB1500D4A110 /* InlineDrive.hpp */ = {isa = PBXFileReference; lastKnownFileType = sourcecode.cpp.h; path = InlineDrive.hpp; sourceTree = "<group>"; };
/* End PBXFileReference section */

/* Begin PBXGroup section */
		11C994B1180F2299001E3952 = {
			isa = PBXGroup;
			children = (
				118A9828188C9FD6009D9685 /* IO.cpp */,
				11C994C3180F22BB001E3952 /* FIRSTRobot.hpp */,
				11C994C6180F22BB001E3952 /* FIRSTRobot.cpp */,
				11C994C4180F22BB001E3952 /* Input.hpp */,
				11C994C7180F22BB001E3952 /* Input.cpp */,
				11C994C2180F22BB001E3952 /* HolonomicDrive.hpp */,
				11C994C5180F22BB001E3952 /* HolonomicDrive.cpp */,
				11EF6DCA1810CB1500D4A110 /* InlineDrive.hpp */,
				11EF6DC91810CB1500D4A110 /* InlineDrive.cpp */,
				11B36305189D451D00EAE439 /* Drive.cpp */,
				11B36306189D451D00EAE439 /* Drive.hpp */,
			);
			sourceTree = "<group>";
		};
/* End PBXGroup section */

/* Begin PBXProject section */
		11C994B2180F2299001E3952 /* Project object */ = {
			isa = PBXProject;
			attributes = {
				LastUpgradeCheck = 0500;
			};
			buildConfigurationList = 11C994B5180F2299001E3952 /* Build configuration list for PBXProject "Robot 2014" */;
			compatibilityVersion = "Xcode 3.2";
			developmentRegion = English;
			hasScannedForEncodings = 0;
			knownRegions = (
				en,
			);
			mainGroup = 11C994B1180F2299001E3952;
			projectDirPath = "";
			projectRoot = "";
			targets = (
			);
		};
/* End PBXProject section */

/* Begin XCBuildConfiguration section */
		11C994B6180F2299001E3952 /* Debug */ = {
			isa = XCBuildConfiguration;
			buildSettings = {
			};
			name = Debug;
		};
		11C994B7180F2299001E3952 /* Release */ = {
			isa = XCBuildConfiguration;
			buildSettings = {
			};
			name = Release;
		};
/* End XCBuildConfiguration section */

/* Begin XCConfigurationList section */
		11C994B5180F2299001E3952 /* Build configuration list for PBXProject "Robot 2014" */ = {
			isa = XCConfigurationList;
			buildConfigurations = (
				11C994B6180F2299001E3952 /* Debug */,
				11C994B7180F2299001E3952 /* Release */,
			);
			defaultConfigurationIsVisible = 0;
			defaultConfigurationName = Release;
		};
/* End XCConfigurationList section */
	};
	rootObject = 11C994B2180F2299001E3952 /* Project object */;
}
