// !$*UTF8*$!
{
	archiveVersion = 1;
	classes = {
	};
	objectVersion = 46;
	objects = {

/* Begin PBXFileReference section */
		11FE991418B3425700646285 /* Catapult.h */ = {isa = PBXFileReference; lastKnownFileType = sourcecode.c.h; path = Catapult.h; sourceTree = "<group>"; };
		11FE991518B3425700646285 /* FIRSTRobot.h */ = {isa = PBXFileReference; lastKnownFileType = sourcecode.c.h; path = FIRSTRobot.h; sourceTree = "<group>"; };
		11FE991618B3425700646285 /* Fork.h */ = {isa = PBXFileReference; lastKnownFileType = sourcecode.c.h; path = Fork.h; sourceTree = "<group>"; };
		11FE991718B3425700646285 /* Pneumatics.h */ = {isa = PBXFileReference; lastKnownFileType = sourcecode.c.h; path = Pneumatics.h; sourceTree = "<group>"; };
		11FE991818B3425700646285 /* PORTS.h */ = {isa = PBXFileReference; lastKnownFileType = sourcecode.c.h; path = PORTS.h; sourceTree = "<group>"; };
		11FE991918B3425700646285 /* Catapult.cpp */ = {isa = PBXFileReference; lastKnownFileType = sourcecode.cpp.cpp; path = Catapult.cpp; sourceTree = "<group>"; };
		11FE991A18B3425700646285 /* FIRSTRobot.cpp */ = {isa = PBXFileReference; lastKnownFileType = sourcecode.cpp.cpp; path = FIRSTRobot.cpp; sourceTree = "<group>"; };
		11FE991B18B3425700646285 /* Fork.cpp */ = {isa = PBXFileReference; lastKnownFileType = sourcecode.cpp.cpp; path = Fork.cpp; sourceTree = "<group>"; };
		11FE991C18B3425700646285 /* Pneumatics.cpp */ = {isa = PBXFileReference; lastKnownFileType = sourcecode.cpp.cpp; path = Pneumatics.cpp; sourceTree = "<group>"; };
		11FE991D18B3425700646285 /* README.md */ = {isa = PBXFileReference; lastKnownFileType = text; path = README.md; sourceTree = "<group>"; };
/* End PBXFileReference section */

/* Begin PBXGroup section */
		11C994B1180F2299001E3952 = {
			isa = PBXGroup;
			children = (
				11FE991418B3425700646285 /* Catapult.h */,
				11FE991518B3425700646285 /* FIRSTRobot.h */,
				11FE991618B3425700646285 /* Fork.h */,
				11FE991718B3425700646285 /* Pneumatics.h */,
				11FE991818B3425700646285 /* PORTS.h */,
				11FE991918B3425700646285 /* Catapult.cpp */,
				11FE991A18B3425700646285 /* FIRSTRobot.cpp */,
				11FE991B18B3425700646285 /* Fork.cpp */,
				11FE991C18B3425700646285 /* Pneumatics.cpp */,
				11FE991D18B3425700646285 /* README.md */,
			);
			sourceTree = "<group>";
		};
/* End PBXGroup section */

/* Begin PBXProject section */
		11C994B2180F2299001E3952 /* Project object */ = {
			isa = PBXProject;
			attributes = {
				LastUpgradeCheck = 0500;
			};
			buildConfigurationList = 11C994B5180F2299001E3952 /* Build configuration list for PBXProject "IronBear" */;
			compatibilityVersion = "Xcode 3.2";
			developmentRegion = English;
			hasScannedForEncodings = 0;
			knownRegions = (
				en,
			);
			mainGroup = 11C994B1180F2299001E3952;
			projectDirPath = "";
			projectRoot = "";
			targets = (
			);
		};
/* End PBXProject section */

/* Begin XCBuildConfiguration section */
		11C994B6180F2299001E3952 /* Debug */ = {
			isa = XCBuildConfiguration;
			buildSettings = {
			};
			name = Debug;
		};
		11C994B7180F2299001E3952 /* Release */ = {
			isa = XCBuildConfiguration;
			buildSettings = {
			};
			name = Release;
		};
/* End XCBuildConfiguration section */

/* Begin XCConfigurationList section */
		11C994B5180F2299001E3952 /* Build configuration list for PBXProject "IronBear" */ = {
			isa = XCConfigurationList;
			buildConfigurations = (
				11C994B6180F2299001E3952 /* Debug */,
				11C994B7180F2299001E3952 /* Release */,
			);
			defaultConfigurationIsVisible = 0;
			defaultConfigurationName = Release;
		};
/* End XCConfigurationList section */
	};
	rootObject = 11C994B2180F2299001E3952 /* Project object */;
}
